
Microsoft Visual Studio Solution File, Format Version 12.00
# Visual Studio Version 17
VisualStudioVersion = 17.8.34309.116
MinimumVisualStudioVersion = 10.0.40219.1
Project("{FAE04EC0-301F-11D3-BF4B-00C04F79EFBC}") = "Ventas mensuales", "Ventas mensuales\Ventas mensuales.csproj", "{EBB45D0F-914B-4ECB-88BB-25D67F950DF4}"
EndProject
Global
	GlobalSection(SolutionConfigurationPlatforms) = preSolution
		Debug|Any CPU = Debug|Any CPU
		Release|Any CPU = Release|Any CPU
	EndGlobalSection
	GlobalSection(ProjectConfigurationPlatforms) = postSolution
		{EBB45D0F-914B-4ECB-88BB-25D67F950DF4}.Debug|Any CPU.ActiveCfg = Debug|Any CPU
		{EBB45D0F-914B-4ECB-88BB-25D67F950DF4}.Debug|Any CPU.Build.0 = Debug|Any CPU
		{EBB45D0F-914B-4ECB-88BB-25D67F950DF4}.Release|Any CPU.ActiveCfg = Release|Any CPU
		{EBB45D0F-914B-4ECB-88BB-25D67F950DF4}.Release|Any CPU.Build.0 = Release|Any CPU
	EndGlobalSection
	GlobalSection(SolutionProperties) = preSolution
		HideSolutionNode = FALSE
	EndGlobalSection
	GlobalSection(ExtensibilityGlobals) = postSolution
		SolutionGuid = {AD76A659-96F4-48D1-9C40-F8E921972B21}
	EndGlobalSection
EndGlobal
